
Microsoft Visual Studio Solution File, Format Version 12.00
# Visual Studio Version 16
VisualStudioVersion = 16.0.29326.143
MinimumVisualStudioVersion = 10.0.40219.1
Project("{9A19103F-16F7-4668-BE54-9A1E7A4F7556}") = "Server", "Server\Server.csproj", "{D22645FE-FEED-43A6-996B-D6AD1079D6AA}"
EndProject
Project("{9A19103F-16F7-4668-BE54-9A1E7A4F7556}") = "Interfaces", "Interfaces\Interfaces.csproj", "{AD6BCA03-3098-4302-AEC4-4899140F1931}"
EndProject
Project("{9A19103F-16F7-4668-BE54-9A1E7A4F7556}") = "Grains", "Grains\Grains.csproj", "{BE9B153B-22B7-4465-8075-B721CE3C92E8}"
EndProject
Project("{9A19103F-16F7-4668-BE54-9A1E7A4F7556}") = "ClientApi", "ClientApi\ClientApi.csproj", "{036D67BB-370B-4DE9-B536-DBA75B19D53A}"
EndProject
Global
	GlobalSection(SolutionConfigurationPlatforms) = preSolution
		Debug|Any CPU = Debug|Any CPU
		Release|Any CPU = Release|Any CPU
	EndGlobalSection
	GlobalSection(ProjectConfigurationPlatforms) = postSolution
		{8216D670-564C-4175-B8A6-25F633048479}.Debug|Any CPU.ActiveCfg = Debug|Any CPU
		{8216D670-564C-4175-B8A6-25F633048479}.Debug|Any CPU.Build.0 = Debug|Any CPU
		{8216D670-564C-4175-B8A6-25F633048479}.Release|Any CPU.ActiveCfg = Release|Any CPU
		{8216D670-564C-4175-B8A6-25F633048479}.Release|Any CPU.Build.0 = Release|Any CPU
		{D22645FE-FEED-43A6-996B-D6AD1079D6AA}.Debug|Any CPU.ActiveCfg = Debug|Any CPU
		{D22645FE-FEED-43A6-996B-D6AD1079D6AA}.Debug|Any CPU.Build.0 = Debug|Any CPU
		{D22645FE-FEED-43A6-996B-D6AD1079D6AA}.Release|Any CPU.ActiveCfg = Release|Any CPU
		{D22645FE-FEED-43A6-996B-D6AD1079D6AA}.Release|Any CPU.Build.0 = Release|Any CPU
		{AD6BCA03-3098-4302-AEC4-4899140F1931}.Debug|Any CPU.ActiveCfg = Debug|Any CPU
		{AD6BCA03-3098-4302-AEC4-4899140F1931}.Debug|Any CPU.Build.0 = Debug|Any CPU
		{AD6BCA03-3098-4302-AEC4-4899140F1931}.Release|Any CPU.ActiveCfg = Release|Any CPU
		{AD6BCA03-3098-4302-AEC4-4899140F1931}.Release|Any CPU.Build.0 = Release|Any CPU
		{BE9B153B-22B7-4465-8075-B721CE3C92E8}.Debug|Any CPU.ActiveCfg = Debug|Any CPU
		{BE9B153B-22B7-4465-8075-B721CE3C92E8}.Debug|Any CPU.Build.0 = Debug|Any CPU
		{BE9B153B-22B7-4465-8075-B721CE3C92E8}.Release|Any CPU.ActiveCfg = Release|Any CPU
		{BE9B153B-22B7-4465-8075-B721CE3C92E8}.Release|Any CPU.Build.0 = Release|Any CPU
		{0CDB8FDA-8CAF-4920-A7B9-A4BDD95E07CB}.Debug|Any CPU.ActiveCfg = Debug|Any CPU
		{0CDB8FDA-8CAF-4920-A7B9-A4BDD95E07CB}.Debug|Any CPU.Build.0 = Debug|Any CPU
		{0CDB8FDA-8CAF-4920-A7B9-A4BDD95E07CB}.Release|Any CPU.ActiveCfg = Release|Any CPU
		{0CDB8FDA-8CAF-4920-A7B9-A4BDD95E07CB}.Release|Any CPU.Build.0 = Release|Any CPU
		{7EF03238-419F-4291-93AF-BE8B47775D43}.Debug|Any CPU.ActiveCfg = Debug|Any CPU
		{7EF03238-419F-4291-93AF-BE8B47775D43}.Release|Any CPU.ActiveCfg = Release|Any CPU
		{036D67BB-370B-4DE9-B536-DBA75B19D53A}.Debug|Any CPU.ActiveCfg = Debug|Any CPU
		{036D67BB-370B-4DE9-B536-DBA75B19D53A}.Debug|Any CPU.Build.0 = Debug|Any CPU
		{036D67BB-370B-4DE9-B536-DBA75B19D53A}.Release|Any CPU.ActiveCfg = Release|Any CPU
		{036D67BB-370B-4DE9-B536-DBA75B19D53A}.Release|Any CPU.Build.0 = Release|Any CPU
		{42F0C177-732A-4D7B-9207-35E808E2F9CF}.Debug|Any CPU.ActiveCfg = Debug|Any CPU
		{42F0C177-732A-4D7B-9207-35E808E2F9CF}.Debug|Any CPU.Build.0 = Debug|Any CPU
		{42F0C177-732A-4D7B-9207-35E808E2F9CF}.Release|Any CPU.ActiveCfg = Release|Any CPU
		{42F0C177-732A-4D7B-9207-35E808E2F9CF}.Release|Any CPU.Build.0 = Release|Any CPU
		{94E12DD3-A9C2-4D80-B0EE-C843F95E3128}.Debug|Any CPU.ActiveCfg = Debug|Any CPU
		{94E12DD3-A9C2-4D80-B0EE-C843F95E3128}.Release|Any CPU.ActiveCfg = Release|Any CPU
		{35475E7B-FE0A-43D6-BE5B-00F7A5F4A7DF}.Debug|Any CPU.ActiveCfg = Debug|Any CPU
		{35475E7B-FE0A-43D6-BE5B-00F7A5F4A7DF}.Debug|Any CPU.Build.0 = Debug|Any CPU
		{35475E7B-FE0A-43D6-BE5B-00F7A5F4A7DF}.Release|Any CPU.ActiveCfg = Release|Any CPU
		{35475E7B-FE0A-43D6-BE5B-00F7A5F4A7DF}.Release|Any CPU.Build.0 = Release|Any CPU
		{5A8C9C47-070D-4A9D-9C29-D1AA4966156F}.Debug|Any CPU.ActiveCfg = Debug|Any CPU
		{5A8C9C47-070D-4A9D-9C29-D1AA4966156F}.Debug|Any CPU.Build.0 = Debug|Any CPU
		{5A8C9C47-070D-4A9D-9C29-D1AA4966156F}.Release|Any CPU.ActiveCfg = Release|Any CPU
		{5A8C9C47-070D-4A9D-9C29-D1AA4966156F}.Release|Any CPU.Build.0 = Release|Any CPU
		{745F95FB-1B98-43D7-98AC-2513F773BE3B}.Debug|Any CPU.ActiveCfg = Debug|Any CPU
		{745F95FB-1B98-43D7-98AC-2513F773BE3B}.Debug|Any CPU.Build.0 = Debug|Any CPU
		{745F95FB-1B98-43D7-98AC-2513F773BE3B}.Release|Any CPU.ActiveCfg = Release|Any CPU
		{745F95FB-1B98-43D7-98AC-2513F773BE3B}.Release|Any CPU.Build.0 = Release|Any CPU
		{1EB38A29-E3E6-415B-A045-8BFBF5C888CD}.Debug|Any CPU.ActiveCfg = Debug|Any CPU
		{1EB38A29-E3E6-415B-A045-8BFBF5C888CD}.Debug|Any CPU.Build.0 = Debug|Any CPU
		{1EB38A29-E3E6-415B-A045-8BFBF5C888CD}.Release|Any CPU.ActiveCfg = Release|Any CPU
		{1EB38A29-E3E6-415B-A045-8BFBF5C888CD}.Release|Any CPU.Build.0 = Release|Any CPU
		{2F4EE1C3-8E78-43C8-9129-F58E1226861C}.Debug|Any CPU.ActiveCfg = Debug|Any CPU
		{2F4EE1C3-8E78-43C8-9129-F58E1226861C}.Debug|Any CPU.Build.0 = Debug|Any CPU
		{2F4EE1C3-8E78-43C8-9129-F58E1226861C}.Release|Any CPU.ActiveCfg = Release|Any CPU
		{2F4EE1C3-8E78-43C8-9129-F58E1226861C}.Release|Any CPU.Build.0 = Release|Any CPU
		{31F63865-5F72-4542-A40B-23C62E3B1FE2}.Debug|Any CPU.ActiveCfg = Debug|Any CPU
		{31F63865-5F72-4542-A40B-23C62E3B1FE2}.Debug|Any CPU.Build.0 = Debug|Any CPU
		{31F63865-5F72-4542-A40B-23C62E3B1FE2}.Release|Any CPU.ActiveCfg = Release|Any CPU
		{31F63865-5F72-4542-A40B-23C62E3B1FE2}.Release|Any CPU.Build.0 = Release|Any CPU
		{FEE1719F-8071-4A8C-93D7-AE3EAD82DAD1}.Debug|Any CPU.ActiveCfg = Debug|Any CPU
		{FEE1719F-8071-4A8C-93D7-AE3EAD82DAD1}.Debug|Any CPU.Build.0 = Debug|Any CPU
		{FEE1719F-8071-4A8C-93D7-AE3EAD82DAD1}.Release|Any CPU.ActiveCfg = Release|Any CPU
		{FEE1719F-8071-4A8C-93D7-AE3EAD82DAD1}.Release|Any CPU.Build.0 = Release|Any CPU
	EndGlobalSection
	GlobalSection(SolutionProperties) = preSolution
		HideSolutionNode = FALSE
	EndGlobalSection
	GlobalSection(NestedProjects) = preSolution
		{7EF03238-419F-4291-93AF-BE8B47775D43} = {56338AF1-0945-4E01-9A8E-6EA3C4159966}
		{35475E7B-FE0A-43D6-BE5B-00F7A5F4A7DF} = {372C632B-41A3-4156-8BBB-4D0BB629A0D0}
		{5A8C9C47-070D-4A9D-9C29-D1AA4966156F} = {372C632B-41A3-4156-8BBB-4D0BB629A0D0}
		{745F95FB-1B98-43D7-98AC-2513F773BE3B} = {372C632B-41A3-4156-8BBB-4D0BB629A0D0}
		{1EB38A29-E3E6-415B-A045-8BFBF5C888CD} = {372C632B-41A3-4156-8BBB-4D0BB629A0D0}
		{2F4EE1C3-8E78-43C8-9129-F58E1226861C} = {372C632B-41A3-4156-8BBB-4D0BB629A0D0}
		{31F63865-5F72-4542-A40B-23C62E3B1FE2} = {372C632B-41A3-4156-8BBB-4D0BB629A0D0}
		{FEE1719F-8071-4A8C-93D7-AE3EAD82DAD1} = {372C632B-41A3-4156-8BBB-4D0BB629A0D0}
	EndGlobalSection
	GlobalSection(ExtensibilityGlobals) = postSolution
		SolutionGuid = {D0F21871-629D-4604-AF03-E9531DD51C62}
	EndGlobalSection
EndGlobal
